
Microsoft Visual Studio Solution File, Format Version 12.00
# Visual Studio Version 17
VisualStudioVersion = 17.5.33516.290
MinimumVisualStudioVersion = 10.0.40219.1
Project("{FAE04EC0-301F-11D3-BF4B-00C04F79EFBC}") = "LogLookupToolSetup", "LogLookupToolSetup.csproj", "{3A966DBC-F1E1-446C-A80E-F7833E90A921}"
EndProject
Project("{FAE04EC0-301F-11D3-BF4B-00C04F79EFBC}") = "TextEntryMessageBox", "..\TextEntryMessageBox\TextEntryMessageBox.csproj", "{F08D1389-996A-48B4-A2CD-05099A067A42}"
EndProject
Global
	GlobalSection(SolutionConfigurationPlatforms) = preSolution
		Debug|Any CPU = Debug|Any CPU
		Release|Any CPU = Release|Any CPU
	EndGlobalSection
	GlobalSection(ProjectConfigurationPlatforms) = postSolution
		{3A966DBC-F1E1-446C-A80E-F7833E90A921}.Debug|Any CPU.ActiveCfg = Debug|Any CPU
		{3A966DBC-F1E1-446C-A80E-F7833E90A921}.Debug|Any CPU.Build.0 = Debug|Any CPU
		{3A966DBC-F1E1-446C-A80E-F7833E90A921}.Release|Any CPU.ActiveCfg = Release|Any CPU
		{3A966DBC-F1E1-446C-A80E-F7833E90A921}.Release|Any CPU.Build.0 = Release|Any CPU
		{F08D1389-996A-48B4-A2CD-05099A067A42}.Debug|Any CPU.ActiveCfg = Debug|Any CPU
		{F08D1389-996A-48B4-A2CD-05099A067A42}.Debug|Any CPU.Build.0 = Debug|Any CPU
		{F08D1389-996A-48B4-A2CD-05099A067A42}.Release|Any CPU.ActiveCfg = Release|Any CPU
		{F08D1389-996A-48B4-A2CD-05099A067A42}.Release|Any CPU.Build.0 = Release|Any CPU
	EndGlobalSection
	GlobalSection(SolutionProperties) = preSolution
		HideSolutionNode = FALSE
	EndGlobalSection
	GlobalSection(ExtensibilityGlobals) = postSolution
		SolutionGuid = {0A81D5F5-0461-4CD8-8979-4AB03F25CBE5}
	EndGlobalSection
EndGlobal
